// !$*UTF8*$!
{
	archiveVersion = 1;
	classes = {
	};
	objectVersion = 51;
	objects = {

/* Begin PBXBuildFile section */
		837DEFCB984EC8B76674524A /* Pods_Poetree.framework in Frameworks */ = {isa = PBXBuildFile; fileRef = 71A7CB735EE61484A0C8E1AA /* Pods_Poetree.framework */; };
		DB21A25F26C16B3F0048FB17 /* AppDelegate.swift in Sources */ = {isa = PBXBuildFile; fileRef = DB21A25E26C16B3F0048FB17 /* AppDelegate.swift */; };
		DB21A26126C16B3F0048FB17 /* SceneDelegate.swift in Sources */ = {isa = PBXBuildFile; fileRef = DB21A26026C16B3F0048FB17 /* SceneDelegate.swift */; };
		DB21A26626C16B3F0048FB17 /* Main.storyboard in Resources */ = {isa = PBXBuildFile; fileRef = DB21A26426C16B3F0048FB17 /* Main.storyboard */; };
		DB21A26826C16B410048FB17 /* Assets.xcassets in Resources */ = {isa = PBXBuildFile; fileRef = DB21A26726C16B410048FB17 /* Assets.xcassets */; };
		DB21A26B26C16B410048FB17 /* LaunchScreen.storyboard in Resources */ = {isa = PBXBuildFile; fileRef = DB21A26926C16B410048FB17 /* LaunchScreen.storyboard */; };
		DB21A27326C1700F0048FB17 /* GoogleService-Info.plist in Resources */ = {isa = PBXBuildFile; fileRef = DB21A27226C1700F0048FB17 /* GoogleService-Info.plist */; };
		DB21A27D26C174420048FB17 /* MainViewController.swift in Sources */ = {isa = PBXBuildFile; fileRef = DB21A27C26C174420048FB17 /* MainViewController.swift */; };
		DB21A27F26C175250048FB17 /* PoetreeIcon.png in Resources */ = {isa = PBXBuildFile; fileRef = DB21A27E26C175250048FB17 /* PoetreeIcon.png */; };
		DB21A28326C184E80048FB17 /* alcohol.jpg in Resources */ = {isa = PBXBuildFile; fileRef = DB21A28026C184E80048FB17 /* alcohol.jpg */; };
		DB21A28426C184E80048FB17 /* stories 'bout bangtan.jpg in Resources */ = {isa = PBXBuildFile; fileRef = DB21A28126C184E80048FB17 /* stories 'bout bangtan.jpg */; };
		DB21A28526C184E80048FB17 /* Plain Hair Scrunchies 4pack.jpg in Resources */ = {isa = PBXBuildFile; fileRef = DB21A28226C184E80048FB17 /* Plain Hair Scrunchies 4pack.jpg */; };
		DB21A28726C18F4D0048FB17 /* MainPoemTableViewCell.swift in Sources */ = {isa = PBXBuildFile; fileRef = DB21A28626C18F4D0048FB17 /* MainPoemTableViewCell.swift */; };
		DB2CFD6926C2884D00130078 /* WritingViewController.swift in Sources */ = {isa = PBXBuildFile; fileRef = DB2CFD6826C2884D00130078 /* WritingViewController.swift */; };
		DB2CFD6B26C2887100130078 /* WritingListViewController.swift in Sources */ = {isa = PBXBuildFile; fileRef = DB2CFD6A26C2887100130078 /* WritingListViewController.swift */; };
		DB34288D26C1CDE3007C5A6A /* HistoryViewController.swift in Sources */ = {isa = PBXBuildFile; fileRef = DB34288C26C1CDE3007C5A6A /* HistoryViewController.swift */; };
		DB34288F26C1CDF9007C5A6A /* UserPageViewController.swift in Sources */ = {isa = PBXBuildFile; fileRef = DB34288E26C1CDF9007C5A6A /* UserPageViewController.swift */; };
		DB34289126C1CEC1007C5A6A /* Poem.swift in Sources */ = {isa = PBXBuildFile; fileRef = DB34289026C1CEC1007C5A6A /* Poem.swift */; };
		DB34289326C1D332007C5A6A /* User.swift in Sources */ = {isa = PBXBuildFile; fileRef = DB34289226C1D332007C5A6A /* User.swift */; };
		DBCE060326C2A8CA0008EBF8 /* WritingDetailViewController.swift in Sources */ = {isa = PBXBuildFile; fileRef = DBCE060226C2A8CA0008EBF8 /* WritingDetailViewController.swift */; };
		DBCE060526C2A8FB0008EBF8 /* PhotoCollectionViewController.swift in Sources */ = {isa = PBXBuildFile; fileRef = DBCE060426C2A8FB0008EBF8 /* PhotoCollectionViewController.swift */; };
/* End PBXBuildFile section */

/* Begin PBXFileReference section */
		1ACB32708FFD3EB56C965507 /* Pods-Poetree.release.xcconfig */ = {isa = PBXFileReference; includeInIndex = 1; lastKnownFileType = text.xcconfig; name = "Pods-Poetree.release.xcconfig"; path = "Target Support Files/Pods-Poetree/Pods-Poetree.release.xcconfig"; sourceTree = "<group>"; };
		1F25C0A03A4253B5E0F2D913 /* Pods-Poetree.debug.xcconfig */ = {isa = PBXFileReference; includeInIndex = 1; lastKnownFileType = text.xcconfig; name = "Pods-Poetree.debug.xcconfig"; path = "Target Support Files/Pods-Poetree/Pods-Poetree.debug.xcconfig"; sourceTree = "<group>"; };
		71A7CB735EE61484A0C8E1AA /* Pods_Poetree.framework */ = {isa = PBXFileReference; explicitFileType = wrapper.framework; includeInIndex = 0; path = Pods_Poetree.framework; sourceTree = BUILT_PRODUCTS_DIR; };
		DB21A25B26C16B3F0048FB17 /* Poetree.app */ = {isa = PBXFileReference; explicitFileType = wrapper.application; includeInIndex = 0; path = Poetree.app; sourceTree = BUILT_PRODUCTS_DIR; };
		DB21A25E26C16B3F0048FB17 /* AppDelegate.swift */ = {isa = PBXFileReference; lastKnownFileType = sourcecode.swift; path = AppDelegate.swift; sourceTree = "<group>"; };
		DB21A26026C16B3F0048FB17 /* SceneDelegate.swift */ = {isa = PBXFileReference; lastKnownFileType = sourcecode.swift; path = SceneDelegate.swift; sourceTree = "<group>"; };
		DB21A26526C16B3F0048FB17 /* Base */ = {isa = PBXFileReference; lastKnownFileType = file.storyboard; name = Base; path = Base.lproj/Main.storyboard; sourceTree = "<group>"; };
		DB21A26726C16B410048FB17 /* Assets.xcassets */ = {isa = PBXFileReference; lastKnownFileType = folder.assetcatalog; path = Assets.xcassets; sourceTree = "<group>"; };
		DB21A26A26C16B410048FB17 /* Base */ = {isa = PBXFileReference; lastKnownFileType = file.storyboard; name = Base; path = Base.lproj/LaunchScreen.storyboard; sourceTree = "<group>"; };
		DB21A26C26C16B410048FB17 /* Info.plist */ = {isa = PBXFileReference; lastKnownFileType = text.plist.xml; path = Info.plist; sourceTree = "<group>"; };
		DB21A27226C1700F0048FB17 /* GoogleService-Info.plist */ = {isa = PBXFileReference; fileEncoding = 4; lastKnownFileType = text.plist.xml; path = "GoogleService-Info.plist"; sourceTree = "<group>"; };
		DB21A27C26C174420048FB17 /* MainViewController.swift */ = {isa = PBXFileReference; lastKnownFileType = sourcecode.swift; path = MainViewController.swift; sourceTree = "<group>"; };
		DB21A27E26C175250048FB17 /* PoetreeIcon.png */ = {isa = PBXFileReference; lastKnownFileType = image.png; path = PoetreeIcon.png; sourceTree = "<group>"; };
		DB21A28026C184E80048FB17 /* alcohol.jpg */ = {isa = PBXFileReference; lastKnownFileType = image.jpeg; path = alcohol.jpg; sourceTree = "<group>"; };
		DB21A28126C184E80048FB17 /* stories 'bout bangtan.jpg */ = {isa = PBXFileReference; lastKnownFileType = image.jpeg; path = "stories 'bout bangtan.jpg"; sourceTree = "<group>"; };
		DB21A28226C184E80048FB17 /* Plain Hair Scrunchies 4pack.jpg */ = {isa = PBXFileReference; lastKnownFileType = image.jpeg; path = "Plain Hair Scrunchies 4pack.jpg"; sourceTree = "<group>"; };
		DB21A28626C18F4D0048FB17 /* MainPoemTableViewCell.swift */ = {isa = PBXFileReference; lastKnownFileType = sourcecode.swift; path = MainPoemTableViewCell.swift; sourceTree = "<group>"; };
		DB2CFD6826C2884D00130078 /* WritingViewController.swift */ = {isa = PBXFileReference; lastKnownFileType = sourcecode.swift; path = WritingViewController.swift; sourceTree = "<group>"; };
		DB2CFD6A26C2887100130078 /* WritingListViewController.swift */ = {isa = PBXFileReference; lastKnownFileType = sourcecode.swift; path = WritingListViewController.swift; sourceTree = "<group>"; };
		DB34288C26C1CDE3007C5A6A /* HistoryViewController.swift */ = {isa = PBXFileReference; lastKnownFileType = sourcecode.swift; path = HistoryViewController.swift; sourceTree = "<group>"; };
		DB34288E26C1CDF9007C5A6A /* UserPageViewController.swift */ = {isa = PBXFileReference; lastKnownFileType = sourcecode.swift; path = UserPageViewController.swift; sourceTree = "<group>"; };
		DB34289026C1CEC1007C5A6A /* Poem.swift */ = {isa = PBXFileReference; lastKnownFileType = sourcecode.swift; path = Poem.swift; sourceTree = "<group>"; };
		DB34289226C1D332007C5A6A /* User.swift */ = {isa = PBXFileReference; lastKnownFileType = sourcecode.swift; path = User.swift; sourceTree = "<group>"; };
		DBCE060226C2A8CA0008EBF8 /* WritingDetailViewController.swift */ = {isa = PBXFileReference; lastKnownFileType = sourcecode.swift; path = WritingDetailViewController.swift; sourceTree = "<group>"; };
		DBCE060426C2A8FB0008EBF8 /* PhotoCollectionViewController.swift */ = {isa = PBXFileReference; lastKnownFileType = sourcecode.swift; path = PhotoCollectionViewController.swift; sourceTree = "<group>"; };
/* End PBXFileReference section */

/* Begin PBXFrameworksBuildPhase section */
		DB21A25826C16B3F0048FB17 /* Frameworks */ = {
			isa = PBXFrameworksBuildPhase;
			buildActionMask = 2147483647;
			files = (
				837DEFCB984EC8B76674524A /* Pods_Poetree.framework in Frameworks */,
			);
			runOnlyForDeploymentPostprocessing = 0;
		};
/* End PBXFrameworksBuildPhase section */

/* Begin PBXGroup section */
		9CF1D9FB11581F5EF328A32F /* Frameworks */ = {
			isa = PBXGroup;
			children = (
				71A7CB735EE61484A0C8E1AA /* Pods_Poetree.framework */,
			);
			name = Frameworks;
			sourceTree = "<group>";
		};
		C71350AC3118F16B6F26FFE5 /* Pods */ = {
			isa = PBXGroup;
			children = (
				1F25C0A03A4253B5E0F2D913 /* Pods-Poetree.debug.xcconfig */,
				1ACB32708FFD3EB56C965507 /* Pods-Poetree.release.xcconfig */,
			);
			path = Pods;
			sourceTree = "<group>";
		};
		DB21A25226C16B3F0048FB17 = {
			isa = PBXGroup;
			children = (
				DB21A25D26C16B3F0048FB17 /* Poetree */,
				DB21A25C26C16B3F0048FB17 /* Products */,
				C71350AC3118F16B6F26FFE5 /* Pods */,
				9CF1D9FB11581F5EF328A32F /* Frameworks */,
			);
			sourceTree = "<group>";
		};
		DB21A25C26C16B3F0048FB17 /* Products */ = {
			isa = PBXGroup;
			children = (
				DB21A25B26C16B3F0048FB17 /* Poetree.app */,
			);
			name = Products;
			sourceTree = "<group>";
		};
		DB21A25D26C16B3F0048FB17 /* Poetree */ = {
			isa = PBXGroup;
			children = (
				DB21A27526C173920048FB17 /* Resources */,
				DB21A27826C173C80048FB17 /* Entity */,
				DB21A27A26C173D40048FB17 /* Repository */,
				DB21A27926C173D00048FB17 /* Model */,
				DB21A27B26C173E20048FB17 /* Service */,
				DB21A27726C173C00048FB17 /* ViewModel */,
				DB21A27626C173AF0048FB17 /* ViewControllers */,
				DB21A27426C1736C0048FB17 /* View */,
				DB21A25E26C16B3F0048FB17 /* AppDelegate.swift */,
				DB21A26026C16B3F0048FB17 /* SceneDelegate.swift */,
				DB21A26C26C16B410048FB17 /* Info.plist */,
				DB21A27226C1700F0048FB17 /* GoogleService-Info.plist */,
			);
			path = Poetree;
			sourceTree = "<group>";
		};
		DB21A27426C1736C0048FB17 /* View */ = {
			isa = PBXGroup;
			children = (
				DB21A26926C16B410048FB17 /* LaunchScreen.storyboard */,
				DB21A26426C16B3F0048FB17 /* Main.storyboard */,
				DB21A28626C18F4D0048FB17 /* MainPoemTableViewCell.swift */,
			);
			path = View;
			sourceTree = "<group>";
		};
		DB21A27526C173920048FB17 /* Resources */ = {
			isa = PBXGroup;
			children = (
				DB21A27E26C175250048FB17 /* PoetreeIcon.png */,
				DB21A28026C184E80048FB17 /* alcohol.jpg */,
				DB21A28226C184E80048FB17 /* Plain Hair Scrunchies 4pack.jpg */,
				DB21A28126C184E80048FB17 /* stories 'bout bangtan.jpg */,
				DB21A26726C16B410048FB17 /* Assets.xcassets */,
			);
			path = Resources;
			sourceTree = "<group>";
		};
		DB21A27626C173AF0048FB17 /* ViewControllers */ = {
			isa = PBXGroup;
			children = (
				DBCE060726C2A99A0008EBF8 /* History */,
				DBCE060626C2A9890008EBF8 /* Main */,
				DBCE060826C2A9A30008EBF8 /* User */,
				DB2CFD6826C2884D00130078 /* WritingViewController.swift */,
				DBCE060426C2A8FB0008EBF8 /* PhotoCollectionViewController.swift */,
				DB2CFD6A26C2887100130078 /* WritingListViewController.swift */,
				DBCE060226C2A8CA0008EBF8 /* WritingDetailViewController.swift */,
			);
			path = ViewControllers;
			sourceTree = "<group>";
		};
		DB21A27726C173C00048FB17 /* ViewModel */ = {
			isa = PBXGroup;
			children = (
			);
			path = ViewModel;
			sourceTree = "<group>";
		};
		DB21A27826C173C80048FB17 /* Entity */ = {
			isa = PBXGroup;
			children = (
			);
			path = Entity;
			sourceTree = "<group>";
		};
		DB21A27926C173D00048FB17 /* Model */ = {
			isa = PBXGroup;
			children = (
				DB34289026C1CEC1007C5A6A /* Poem.swift */,
				DB34289226C1D332007C5A6A /* User.swift */,
			);
			path = Model;
			sourceTree = "<group>";
		};
		DB21A27A26C173D40048FB17 /* Repository */ = {
			isa = PBXGroup;
			children = (
			);
			path = Repository;
			sourceTree = "<group>";
		};
		DB21A27B26C173E20048FB17 /* Service */ = {
			isa = PBXGroup;
			children = (
			);
			path = Service;
			sourceTree = "<group>";
		};
		DBCE060626C2A9890008EBF8 /* Main */ = {
			isa = PBXGroup;
			children = (
				DB21A27C26C174420048FB17 /* MainViewController.swift */,
			);
			path = Main;
			sourceTree = "<group>";
		};
		DBCE060726C2A99A0008EBF8 /* History */ = {
			isa = PBXGroup;
			children = (
				DB34288C26C1CDE3007C5A6A /* HistoryViewController.swift */,
			);
			path = History;
			sourceTree = "<group>";
		};
		DBCE060826C2A9A30008EBF8 /* User */ = {
			isa = PBXGroup;
			children = (
				DB34288E26C1CDF9007C5A6A /* UserPageViewController.swift */,
			);
			path = User;
			sourceTree = "<group>";
		};
/* End PBXGroup section */

/* Begin PBXNativeTarget section */
		DB21A25A26C16B3F0048FB17 /* Poetree */ = {
			isa = PBXNativeTarget;
			buildConfigurationList = DB21A26F26C16B410048FB17 /* Build configuration list for PBXNativeTarget "Poetree" */;
			buildPhases = (
				64A7D46F33153F2E7B4EE0E7 /* [CP] Check Pods Manifest.lock */,
				DB21A25726C16B3F0048FB17 /* Sources */,
				DB21A25826C16B3F0048FB17 /* Frameworks */,
				DB21A25926C16B3F0048FB17 /* Resources */,
				C940C75E0558FB75EF9F9FF6 /* [CP] Embed Pods Frameworks */,
			);
			buildRules = (
			);
			dependencies = (
			);
			name = Poetree;
			productName = Poetree;
			productReference = DB21A25B26C16B3F0048FB17 /* Poetree.app */;
			productType = "com.apple.product-type.application";
		};
/* End PBXNativeTarget section */

/* Begin PBXProject section */
		DB21A25326C16B3F0048FB17 /* Project object */ = {
			isa = PBXProject;
			attributes = {
				LastSwiftUpdateCheck = 1250;
				LastUpgradeCheck = 1250;
				TargetAttributes = {
					DB21A25A26C16B3F0048FB17 = {
						CreatedOnToolsVersion = 12.5.1;
					};
				};
			};
			buildConfigurationList = DB21A25626C16B3F0048FB17 /* Build configuration list for PBXProject "Poetree" */;
			compatibilityVersion = "Xcode 9.3";
			developmentRegion = en;
			hasScannedForEncodings = 0;
			knownRegions = (
				en,
				Base,
			);
			mainGroup = DB21A25226C16B3F0048FB17;
			productRefGroup = DB21A25C26C16B3F0048FB17 /* Products */;
			projectDirPath = "";
			projectRoot = "";
			targets = (
				DB21A25A26C16B3F0048FB17 /* Poetree */,
			);
		};
/* End PBXProject section */

/* Begin PBXResourcesBuildPhase section */
		DB21A25926C16B3F0048FB17 /* Resources */ = {
			isa = PBXResourcesBuildPhase;
			buildActionMask = 2147483647;
			files = (
				DB21A28526C184E80048FB17 /* Plain Hair Scrunchies 4pack.jpg in Resources */,
				DB21A26B26C16B410048FB17 /* LaunchScreen.storyboard in Resources */,
				DB21A27326C1700F0048FB17 /* GoogleService-Info.plist in Resources */,
				DB21A26826C16B410048FB17 /* Assets.xcassets in Resources */,
				DB21A27F26C175250048FB17 /* PoetreeIcon.png in Resources */,
				DB21A28326C184E80048FB17 /* alcohol.jpg in Resources */,
				DB21A26626C16B3F0048FB17 /* Main.storyboard in Resources */,
				DB21A28426C184E80048FB17 /* stories 'bout bangtan.jpg in Resources */,
			);
			runOnlyForDeploymentPostprocessing = 0;
		};
/* End PBXResourcesBuildPhase section */

/* Begin PBXShellScriptBuildPhase section */
		64A7D46F33153F2E7B4EE0E7 /* [CP] Check Pods Manifest.lock */ = {
			isa = PBXShellScriptBuildPhase;
			buildActionMask = 2147483647;
			files = (
			);
			inputFileListPaths = (
			);
			inputPaths = (
				"${PODS_PODFILE_DIR_PATH}/Podfile.lock",
				"${PODS_ROOT}/Manifest.lock",
			);
			name = "[CP] Check Pods Manifest.lock";
			outputFileListPaths = (
			);
			outputPaths = (
				"$(DERIVED_FILE_DIR)/Pods-Poetree-checkManifestLockResult.txt",
			);
			runOnlyForDeploymentPostprocessing = 0;
			shellPath = /bin/sh;
			shellScript = "diff \"${PODS_PODFILE_DIR_PATH}/Podfile.lock\" \"${PODS_ROOT}/Manifest.lock\" > /dev/null\nif [ $? != 0 ] ; then\n    # print error to STDERR\n    echo \"error: The sandbox is not in sync with the Podfile.lock. Run 'pod install' or update your CocoaPods installation.\" >&2\n    exit 1\nfi\n# This output is used by Xcode 'outputs' to avoid re-running this script phase.\necho \"SUCCESS\" > \"${SCRIPT_OUTPUT_FILE_0}\"\n";
			showEnvVarsInLog = 0;
		};
		C940C75E0558FB75EF9F9FF6 /* [CP] Embed Pods Frameworks */ = {
			isa = PBXShellScriptBuildPhase;
			buildActionMask = 2147483647;
			files = (
			);
			inputFileListPaths = (
				"${PODS_ROOT}/Target Support Files/Pods-Poetree/Pods-Poetree-frameworks-${CONFIGURATION}-input-files.xcfilelist",
			);
			name = "[CP] Embed Pods Frameworks";
			outputFileListPaths = (
				"${PODS_ROOT}/Target Support Files/Pods-Poetree/Pods-Poetree-frameworks-${CONFIGURATION}-output-files.xcfilelist",
			);
			runOnlyForDeploymentPostprocessing = 0;
			shellPath = /bin/sh;
			shellScript = "\"${PODS_ROOT}/Target Support Files/Pods-Poetree/Pods-Poetree-frameworks.sh\"\n";
			showEnvVarsInLog = 0;
		};
/* End PBXShellScriptBuildPhase section */

/* Begin PBXSourcesBuildPhase section */
		DB21A25726C16B3F0048FB17 /* Sources */ = {
			isa = PBXSourcesBuildPhase;
			buildActionMask = 2147483647;
			files = (
				DB34289126C1CEC1007C5A6A /* Poem.swift in Sources */,
				DB2CFD6B26C2887100130078 /* WritingListViewController.swift in Sources */,
				DB2CFD6926C2884D00130078 /* WritingViewController.swift in Sources */,
				DB34288F26C1CDF9007C5A6A /* UserPageViewController.swift in Sources */,
				DB21A27D26C174420048FB17 /* MainViewController.swift in Sources */,
				DB21A25F26C16B3F0048FB17 /* AppDelegate.swift in Sources */,
				DB34289326C1D332007C5A6A /* User.swift in Sources */,
				DBCE060526C2A8FB0008EBF8 /* PhotoCollectionViewController.swift in Sources */,
				DB21A26126C16B3F0048FB17 /* SceneDelegate.swift in Sources */,
				DB34288D26C1CDE3007C5A6A /* HistoryViewController.swift in Sources */,
				DBCE060326C2A8CA0008EBF8 /* WritingDetailViewController.swift in Sources */,
				DB21A28726C18F4D0048FB17 /* MainPoemTableViewCell.swift in Sources */,
			);
			runOnlyForDeploymentPostprocessing = 0;
		};
/* End PBXSourcesBuildPhase section */

/* Begin PBXVariantGroup section */
		DB21A26426C16B3F0048FB17 /* Main.storyboard */ = {
			isa = PBXVariantGroup;
			children = (
				DB21A26526C16B3F0048FB17 /* Base */,
			);
			name = Main.storyboard;
			sourceTree = "<group>";
		};
		DB21A26926C16B410048FB17 /* LaunchScreen.storyboard */ = {
			isa = PBXVariantGroup;
			children = (
				DB21A26A26C16B410048FB17 /* Base */,
			);
			name = LaunchScreen.storyboard;
			sourceTree = "<group>";
		};
/* End PBXVariantGroup section */

/* Begin XCBuildConfiguration section */
		DB21A26D26C16B410048FB17 /* Debug */ = {
			isa = XCBuildConfiguration;
			buildSettings = {
				ALWAYS_SEARCH_USER_PATHS = NO;
				CLANG_ANALYZER_NONNULL = YES;
				CLANG_ANALYZER_NUMBER_OBJECT_CONVERSION = YES_AGGRESSIVE;
				CLANG_CXX_LANGUAGE_STANDARD = "gnu++14";
				CLANG_CXX_LIBRARY = "libc++";
				CLANG_ENABLE_MODULES = YES;
				CLANG_ENABLE_OBJC_ARC = YES;
				CLANG_ENABLE_OBJC_WEAK = YES;
				CLANG_WARN_BLOCK_CAPTURE_AUTORELEASING = YES;
				CLANG_WARN_BOOL_CONVERSION = YES;
				CLANG_WARN_COMMA = YES;
				CLANG_WARN_CONSTANT_CONVERSION = YES;
				CLANG_WARN_DEPRECATED_OBJC_IMPLEMENTATIONS = YES;
				CLANG_WARN_DIRECT_OBJC_ISA_USAGE = YES_ERROR;
				CLANG_WARN_DOCUMENTATION_COMMENTS = YES;
				CLANG_WARN_EMPTY_BODY = YES;
				CLANG_WARN_ENUM_CONVERSION = YES;
				CLANG_WARN_INFINITE_RECURSION = YES;
				CLANG_WARN_INT_CONVERSION = YES;
				CLANG_WARN_NON_LITERAL_NULL_CONVERSION = YES;
				CLANG_WARN_OBJC_IMPLICIT_RETAIN_SELF = YES;
				CLANG_WARN_OBJC_LITERAL_CONVERSION = YES;
				CLANG_WARN_OBJC_ROOT_CLASS = YES_ERROR;
				CLANG_WARN_QUOTED_INCLUDE_IN_FRAMEWORK_HEADER = YES;
				CLANG_WARN_RANGE_LOOP_ANALYSIS = YES;
				CLANG_WARN_STRICT_PROTOTYPES = YES;
				CLANG_WARN_SUSPICIOUS_MOVE = YES;
				CLANG_WARN_UNGUARDED_AVAILABILITY = YES_AGGRESSIVE;
				CLANG_WARN_UNREACHABLE_CODE = YES;
				CLANG_WARN__DUPLICATE_METHOD_MATCH = YES;
				COPY_PHASE_STRIP = NO;
				DEBUG_INFORMATION_FORMAT = dwarf;
				ENABLE_STRICT_OBJC_MSGSEND = YES;
				ENABLE_TESTABILITY = YES;
				GCC_C_LANGUAGE_STANDARD = gnu11;
				GCC_DYNAMIC_NO_PIC = NO;
				GCC_NO_COMMON_BLOCKS = YES;
				GCC_OPTIMIZATION_LEVEL = 0;
				GCC_PREPROCESSOR_DEFINITIONS = (
					"DEBUG=1",
					"$(inherited)",
				);
				GCC_WARN_64_TO_32_BIT_CONVERSION = YES;
				GCC_WARN_ABOUT_RETURN_TYPE = YES_ERROR;
				GCC_WARN_UNDECLARED_SELECTOR = YES;
				GCC_WARN_UNINITIALIZED_AUTOS = YES_AGGRESSIVE;
				GCC_WARN_UNUSED_FUNCTION = YES;
				GCC_WARN_UNUSED_VARIABLE = YES;
				IPHONEOS_DEPLOYMENT_TARGET = 14.5;
				MTL_ENABLE_DEBUG_INFO = INCLUDE_SOURCE;
				MTL_FAST_MATH = YES;
				ONLY_ACTIVE_ARCH = YES;
				SDKROOT = iphoneos;
				SWIFT_ACTIVE_COMPILATION_CONDITIONS = DEBUG;
				SWIFT_OPTIMIZATION_LEVEL = "-Onone";
			};
			name = Debug;
		};
		DB21A26E26C16B410048FB17 /* Release */ = {
			isa = XCBuildConfiguration;
			buildSettings = {
				ALWAYS_SEARCH_USER_PATHS = NO;
				CLANG_ANALYZER_NONNULL = YES;
				CLANG_ANALYZER_NUMBER_OBJECT_CONVERSION = YES_AGGRESSIVE;
				CLANG_CXX_LANGUAGE_STANDARD = "gnu++14";
				CLANG_CXX_LIBRARY = "libc++";
				CLANG_ENABLE_MODULES = YES;
				CLANG_ENABLE_OBJC_ARC = YES;
				CLANG_ENABLE_OBJC_WEAK = YES;
				CLANG_WARN_BLOCK_CAPTURE_AUTORELEASING = YES;
				CLANG_WARN_BOOL_CONVERSION = YES;
				CLANG_WARN_COMMA = YES;
				CLANG_WARN_CONSTANT_CONVERSION = YES;
				CLANG_WARN_DEPRECATED_OBJC_IMPLEMENTATIONS = YES;
				CLANG_WARN_DIRECT_OBJC_ISA_USAGE = YES_ERROR;
				CLANG_WARN_DOCUMENTATION_COMMENTS = YES;
				CLANG_WARN_EMPTY_BODY = YES;
				CLANG_WARN_ENUM_CONVERSION = YES;
				CLANG_WARN_INFINITE_RECURSION = YES;
				CLANG_WARN_INT_CONVERSION = YES;
				CLANG_WARN_NON_LITERAL_NULL_CONVERSION = YES;
				CLANG_WARN_OBJC_IMPLICIT_RETAIN_SELF = YES;
				CLANG_WARN_OBJC_LITERAL_CONVERSION = YES;
				CLANG_WARN_OBJC_ROOT_CLASS = YES_ERROR;
				CLANG_WARN_QUOTED_INCLUDE_IN_FRAMEWORK_HEADER = YES;
				CLANG_WARN_RANGE_LOOP_ANALYSIS = YES;
				CLANG_WARN_STRICT_PROTOTYPES = YES;
				CLANG_WARN_SUSPICIOUS_MOVE = YES;
				CLANG_WARN_UNGUARDED_AVAILABILITY = YES_AGGRESSIVE;
				CLANG_WARN_UNREACHABLE_CODE = YES;
				CLANG_WARN__DUPLICATE_METHOD_MATCH = YES;
				COPY_PHASE_STRIP = NO;
				DEBUG_INFORMATION_FORMAT = "dwarf-with-dsym";
				ENABLE_NS_ASSERTIONS = NO;
				ENABLE_STRICT_OBJC_MSGSEND = YES;
				GCC_C_LANGUAGE_STANDARD = gnu11;
				GCC_NO_COMMON_BLOCKS = YES;
				GCC_WARN_64_TO_32_BIT_CONVERSION = YES;
				GCC_WARN_ABOUT_RETURN_TYPE = YES_ERROR;
				GCC_WARN_UNDECLARED_SELECTOR = YES;
				GCC_WARN_UNINITIALIZED_AUTOS = YES_AGGRESSIVE;
				GCC_WARN_UNUSED_FUNCTION = YES;
				GCC_WARN_UNUSED_VARIABLE = YES;
				IPHONEOS_DEPLOYMENT_TARGET = 14.5;
				MTL_ENABLE_DEBUG_INFO = NO;
				MTL_FAST_MATH = YES;
				SDKROOT = iphoneos;
				SWIFT_COMPILATION_MODE = wholemodule;
				SWIFT_OPTIMIZATION_LEVEL = "-O";
				VALIDATE_PRODUCT = YES;
			};
			name = Release;
		};
		DB21A27026C16B410048FB17 /* Debug */ = {
			isa = XCBuildConfiguration;
			baseConfigurationReference = 1F25C0A03A4253B5E0F2D913 /* Pods-Poetree.debug.xcconfig */;
			buildSettings = {
				ASSETCATALOG_COMPILER_APPICON_NAME = AppIcon;
				ASSETCATALOG_COMPILER_GLOBAL_ACCENT_COLOR_NAME = AccentColor;
				CODE_SIGN_STYLE = Automatic;
				DEVELOPMENT_TEAM = 5YP67MDYBC;
				INFOPLIST_FILE = Poetree/Info.plist;
				LD_RUNPATH_SEARCH_PATHS = (
					"$(inherited)",
					"@executable_path/Frameworks",
				);
				PRODUCT_BUNDLE_IDENTIFIER = com.kimhwan.Poetree;
				PRODUCT_NAME = "$(TARGET_NAME)";
				SWIFT_VERSION = 5.0;
				TARGETED_DEVICE_FAMILY = "1,2";
			};
			name = Debug;
		};
		DB21A27126C16B410048FB17 /* Release */ = {
			isa = XCBuildConfiguration;
			baseConfigurationReference = 1ACB32708FFD3EB56C965507 /* Pods-Poetree.release.xcconfig */;
			buildSettings = {
				ASSETCATALOG_COMPILER_APPICON_NAME = AppIcon;
				ASSETCATALOG_COMPILER_GLOBAL_ACCENT_COLOR_NAME = AccentColor;
				CODE_SIGN_STYLE = Automatic;
				DEVELOPMENT_TEAM = 5YP67MDYBC;
				INFOPLIST_FILE = Poetree/Info.plist;
				LD_RUNPATH_SEARCH_PATHS = (
					"$(inherited)",
					"@executable_path/Frameworks",
				);
				PRODUCT_BUNDLE_IDENTIFIER = com.kimhwan.Poetree;
				PRODUCT_NAME = "$(TARGET_NAME)";
				SWIFT_VERSION = 5.0;
				TARGETED_DEVICE_FAMILY = "1,2";
			};
			name = Release;
		};
/* End XCBuildConfiguration section */

/* Begin XCConfigurationList section */
		DB21A25626C16B3F0048FB17 /* Build configuration list for PBXProject "Poetree" */ = {
			isa = XCConfigurationList;
			buildConfigurations = (
				DB21A26D26C16B410048FB17 /* Debug */,
				DB21A26E26C16B410048FB17 /* Release */,
			);
			defaultConfigurationIsVisible = 0;
			defaultConfigurationName = Release;
		};
		DB21A26F26C16B410048FB17 /* Build configuration list for PBXNativeTarget "Poetree" */ = {
			isa = XCConfigurationList;
			buildConfigurations = (
				DB21A27026C16B410048FB17 /* Debug */,
				DB21A27126C16B410048FB17 /* Release */,
			);
			defaultConfigurationIsVisible = 0;
			defaultConfigurationName = Release;
		};
/* End XCConfigurationList section */
	};
	rootObject = DB21A25326C16B3F0048FB17 /* Project object */;
}
